<?xml version="1.0" encoding="utf-8"?>
<Project ToolsVersion="4.0" xmlns="http://schemas.microsoft.com/developer/msbuild/2003">
  <ItemGroup>
    <Filter Include="Generated Files">
      <UniqueIdentifier>{71ED8ED8-ACB9-4CE9-BBE1-E00B30144E11}</UniqueIdentifier>
      <Extensions>cpp;c;cxx;moc;h;def;odl;idl;res;</Extensions>
    </Filter>
    <Filter Include="Generated Files">
      <UniqueIdentifier>{71ED8ED8-ACB9-4CE9-BBE1-E00B30144E11}</UniqueIdentifier>
      <Extensions>cpp;c;cxx;moc;h;def;odl;idl;res;</Extensions>
    </Filter>
    <Filter Include="Header Files">
      <UniqueIdentifier>{93995380-89BD-4b04-88EB-625FBE52EBFB}</UniqueIdentifier>
      <Extensions>h;hpp;hxx;hm;inl;inc;xsd</Extensions>
    </Filter>
    <Filter Include="Header Files">
      <UniqueIdentifier>{93995380-89BD-4b04-88EB-625FBE52EBFB}</UniqueIdentifier>
      <Extensions>h;hpp;hxx;hm;inl;inc;xsd</Extensions>
    </Filter>
    <Filter Include="Resource Files">
      <UniqueIdentifier>{D9D6E242-F8AF-46E4-B9FD-80ECBC20BA3E}</UniqueIdentifier>
      <Extensions>qrc;*</Extensions>
      <ParseFiles>false</ParseFiles>
    </Filter>
    <Filter Include="Resource Files">
      <UniqueIdentifier>{D9D6E242-F8AF-46E4-B9FD-80ECBC20BA3E}</UniqueIdentifier>
      <Extensions>qrc;*</Extensions>
      <ParseFiles>false</ParseFiles>
    </Filter>
    <Filter Include="Source Files">
      <UniqueIdentifier>{4FC737F1-C7A5-4376-A066-2A32D752A2FF}</UniqueIdentifier>
      <Extensions>cpp;c;cxx;def;odl;idl;hpj;bat;asm;asmx</Extensions>
    </Filter>
    <Filter Include="Source Files">
      <UniqueIdentifier>{4FC737F1-C7A5-4376-A066-2A32D752A2FF}</UniqueIdentifier>
      <Extensions>cpp;c;cxx;def;odl;idl;hpj;bat;asm;asmx</Extensions>
    </Filter>
    <Filter Include="Generated Files\Release">
      <UniqueIdentifier>{3cf51092-7b32-4487-b140-a01be40e369b}</UniqueIdentifier>
      <Extensions>cpp;moc</Extensions>
      <SourceControlFiles>False</SourceControlFiles>
    </Filter>
    <Filter Include="Generated Files\Debug">
      <UniqueIdentifier>{fa8011e6-a647-4726-a3b9-b2ef110c6191}</UniqueIdentifier>
      <Extensions>cpp;moc</Extensions>
      <SourceControlFiles>False</SourceControlFiles>
    </Filter>
  </ItemGroup>
  <ItemGroup>
    <ClCompile Include="framework\crc\JQChecksum.cpp">
      <Filter>Source Files</Filter>
    </ClCompile>
    <ClCompile Include="system\database\alertinfodbhelper.cpp">
      <Filter>Source Files</Filter>
    </ClCompile>
    <ClCompile Include="system\viewManager\query\alertinfoqueryviewmanager.cpp">
      <Filter>Source Files</Filter>
    </ClCompile>
    <ClCompile Include="system\context\appcontext.cpp">
      <Filter>Source Files</Filter>
    </ClCompile>
    <ClCompile Include="system\controller\appcontroller.cpp">
      <Filter>Source Files</Filter>
    </ClCompile>
    <ClCompile Include="system\database\appdbmanager.cpp">
      <Filter>Source Files</Filter>
    </ClCompile>
    <ClCompile Include="system\viewManager\query\basequeryviewmanager.cpp">
      <Filter>Source Files</Filter>
    </ClCompile>
    <ClCompile Include="system\dataModel\setting\bcljzjsettingdatamodelone.cpp">
      <Filter>Source Files</Filter>
    </ClCompile>
    <ClCompile Include="system\controller\setting\bcljzjsettingonecontroller.cpp">
      <Filter>Source Files</Filter>
    </ClCompile>
    <ClCompile Include="system\viewManager\setting\bcljzjsettingviewmanagerone.cpp">
      <Filter>Source Files</Filter>
    </ClCompile>
    <ClCompile Include="system\modelProtocolConvert\calibrationcoefconverter.cpp">
      <Filter>Source Files</Filter>
    </ClCompile>
    <ClCompile Include="system\dataModel\maintain\calibrationcoefdatamodel.cpp">
      <Filter>Source Files</Filter>
    </ClCompile>
    <ClCompile Include="system\communication\communicationserver.cpp">
      <Filter>Source Files</Filter>
    </ClCompile>
    <ClCompile Include="framework\controller.cpp">
      <Filter>Source Files</Filter>
    </ClCompile>
    <ClCompile Include="system\viewManager\home\controlviewmanager.cpp">
      <Filter>Source Files</Filter>
    </ClCompile>
    <ClCompile Include="system\controller\home\currentvaluecontroller.cpp">
      <Filter>Source Files</Filter>
    </ClCompile>
    <ClCompile Include="system\modelProtocolConvert\currentvalueconverter.cpp">
      <Filter>Source Files</Filter>
    </ClCompile>
    <ClCompile Include="system\dataModel\home\currentvaluedatamodel.cpp">
      <Filter>Source Files</Filter>
    </ClCompile>
    <ClCompile Include="framework\datamodel.cpp">
      <Filter>Source Files</Filter>
    </ClCompile>
    <ClCompile Include="framework\database\dbhelper.cpp">
      <Filter>Source Files</Filter>
    </ClCompile>
    <ClCompile Include="framework\database\dbmanager.cpp">
      <Filter>Source Files</Filter>
    </ClCompile>
    <ClCompile Include="system\controller\maintain\functiontestcontroller.cpp">
      <Filter>Source Files</Filter>
    </ClCompile>
    <ClCompile Include="system\viewManager\maintain\functiontestviewmanager.cpp">
      <Filter>Source Files</Filter>
    </ClCompile>
    <ClCompile Include="system\viewManager\query\historydataqueryviewmanager.cpp">
      <Filter>Source Files</Filter>
    </ClCompile>
    <ClCompile Include="system\viewManager\query\historygraphqueryviewmanager.cpp">
      <Filter>Source Files</Filter>
    </ClCompile>
    <ClCompile Include="system\controller\home\homecontroller.cpp">
      <Filter>Source Files</Filter>
    </ClCompile>
    <ClCompile Include="system\protocol\ktprotocoldef.cpp">
      <Filter>Source Files</Filter>
    </ClCompile>
    <ClCompile Include="system\context\logicmanager.cpp">
      <Filter>Source Files</Filter>
    </ClCompile>
    <ClCompile Include="system\database\loginfodbhelper.cpp">
      <Filter>Source Files</Filter>
    </ClCompile>
    <ClCompile Include="system\viewManager\query\loginfoqueryviewmanager.cpp">
      <Filter>Source Files</Filter>
    </ClCompile>
    <ClCompile Include="main.cpp">
      <Filter>Source Files</Filter>
    </ClCompile>
    <ClCompile Include="system\controller\maintain\maintaindatacontroller.cpp">
      <Filter>Source Files</Filter>
    </ClCompile>
    <ClCompile Include="system\viewManager\maintain\maintaindataviewmanager.cpp">
      <Filter>Source Files</Filter>
    </ClCompile>
    <ClCompile Include="system\controller\query\manufactureinfocontroller.cpp">
      <Filter>Source Files</Filter>
    </ClCompile>
    <ClCompile Include="system\dataModel\query\manufactureinfodatamodel.cpp">
      <Filter>Source Files</Filter>
    </ClCompile>
    <ClCompile Include="system\viewManager\query\manufactureinfoviewmanager.cpp">
      <Filter>Source Files</Filter>
    </ClCompile>
    <ClCompile Include="framework\serialPort\masterthread.cpp">
      <Filter>Source Files</Filter>
    </ClCompile>
    <ClCompile Include="system\dataModel\meansurecontroldatamodel.cpp">
      <Filter>Source Files</Filter>
    </ClCompile>
    <ClCompile Include="system\controller\meansure\meansurecontroller.cpp">
      <Filter>Source Files</Filter>
    </ClCompile>
    <ClCompile Include="system\database\meansuredbhelper.cpp">
      <Filter>Source Files</Filter>
    </ClCompile>
    <ClCompile Include="system\dataModel\meansurerecorddatamodel.cpp">
      <Filter>Source Files</Filter>
    </ClCompile>
    <ClCompile Include="system\viewManager\meansure\meansureviewmanager.cpp">
      <Filter>Source Files</Filter>
    </ClCompile>
    <ClCompile Include="framework\operation.cpp">
      <Filter>Source Files</Filter>
    </ClCompile>
    <ClCompile Include="system\controller\setting\parametersettingcontroller.cpp">
      <Filter>Source Files</Filter>
    </ClCompile>
    <ClCompile Include="system\dataModel\setting\parametersettingdatamodel.cpp">
      <Filter>Source Files</Filter>
    </ClCompile>
    <ClCompile Include="system\viewManager\setting\parametersettingviewmanager.cpp">
      <Filter>Source Files</Filter>
    </ClCompile>
    <ClCompile Include="system\controller\setting\periodsettingcontroller.cpp">
      <Filter>Source Files</Filter>
    </ClCompile>
    <ClCompile Include="system\dataModel\setting\periodsettingdatamodel.cpp">
      <Filter>Source Files</Filter>
    </ClCompile>
    <ClCompile Include="system\viewManager\setting\periodsettingviewmanager.cpp">
      <Filter>Source Files</Filter>
    </ClCompile>
    <ClCompile Include="system\context\pollproxy.cpp">
      <Filter>Source Files</Filter>
    </ClCompile>
    <ClCompile Include="framework\protocoldef.cpp">
      <Filter>Source Files</Filter>
    </ClCompile>
    <ClCompile Include="framework\observe\qobservable.cpp">
      <Filter>Source Files</Filter>
    </ClCompile>
    <ClCompile Include="system\controller\home\runninginfocontroller.cpp">
      <Filter>Source Files</Filter>
    </ClCompile>
    <ClCompile Include="system\modelProtocolConvert\runninginfoconverter.cpp">
      <Filter>Source Files</Filter>
    </ClCompile>
    <ClCompile Include="system\dataModel\home\runninginfodatamodel.cpp">
      <Filter>Source Files</Filter>
    </ClCompile>
    <ClCompile Include="system\viewManager\home\runninginfoviewmanager.cpp">
      <Filter>Source Files</Filter>
    </ClCompile>
    <ClCompile Include="framework\serialPort\serialserver.cpp">
      <Filter>Source Files</Filter>
    </ClCompile>
    <ClCompile Include="framework\database\sqlquerymodel.cpp">
      <Filter>Source Files</Filter>
    </ClCompile>
    <ClCompile Include="system\protocol\stprotocol1.cpp">
      <Filter>Source Files</Filter>
    </ClCompile>
    <ClCompile Include="system\protocol\stprotocol2.cpp">
      <Filter>Source Files</Filter>
    </ClCompile>
    <ClCompile Include="system\controller\maintain\systemmaintaincontroller.cpp">
      <Filter>Source Files</Filter>
    </ClCompile>
    <ClCompile Include="system\viewManager\maintain\systemmaintainviewmanager.cpp">
      <Filter>Source Files</Filter>
    </ClCompile>
    <ClCompile Include="system\controller\setting\systemsettingcontroller.cpp">
      <Filter>Source Files</Filter>
    </ClCompile>
    <ClCompile Include="system\modelProtocolConvert\systemsettingconverter.cpp">
      <Filter>Source Files</Filter>
    </ClCompile>
    <ClCompile Include="system\dataModel\setting\systemsettingdatamodel.cpp">
      <Filter>Source Files</Filter>
    </ClCompile>
    <ClCompile Include="system\viewManager\setting\systemsettingviewmanager.cpp">
      <Filter>Source Files</Filter>
    </ClCompile>
    <ClCompile Include="system\authority\userstate.cpp">
      <Filter>Source Files</Filter>
    </ClCompile>
    <ClCompile Include="system\viewManager\home\valuedisplayviewmanager.cpp">
      <Filter>Source Files</Filter>
    </ClCompile>
    <ClCompile Include="framework\viewManager\viewmanager.cpp">
      <Filter>Source Files</Filter>
    </ClCompile>
    <ClCompile Include="Release\moc_alertinfoqueryviewmanager.cpp">
      <Filter>Generated Files\Release</Filter>
    </ClCompile>
    <ClCompile Include="Debug\moc_alertinfoqueryviewmanager.cpp">
      <Filter>Generated Files\Debug</Filter>
    </ClCompile>
    <ClCompile Include="Release\moc_appcontext.cpp">
      <Filter>Generated Files\Release</Filter>
    </ClCompile>
    <ClCompile Include="Debug\moc_appcontext.cpp">
      <Filter>Generated Files\Debug</Filter>
    </ClCompile>
    <ClCompile Include="Release\moc_basequeryviewmanager.cpp">
      <Filter>Generated Files\Release</Filter>
    </ClCompile>
    <ClCompile Include="Debug\moc_basequeryviewmanager.cpp">
      <Filter>Generated Files\Debug</Filter>
    </ClCompile>
    <ClCompile Include="Release\moc_bcljzjsettingviewmanagerone.cpp">
      <Filter>Generated Files\Release</Filter>
    </ClCompile>
    <ClCompile Include="Debug\moc_bcljzjsettingviewmanagerone.cpp">
      <Filter>Generated Files\Debug</Filter>
    </ClCompile>
    <ClCompile Include="Release\moc_controller.cpp">
      <Filter>Generated Files\Release</Filter>
    </ClCompile>
    <ClCompile Include="Debug\moc_controller.cpp">
      <Filter>Generated Files\Debug</Filter>
    </ClCompile>
    <ClCompile Include="Release\moc_controlviewmanager.cpp">
      <Filter>Generated Files\Release</Filter>
    </ClCompile>
    <ClCompile Include="Debug\moc_controlviewmanager.cpp">
      <Filter>Generated Files\Debug</Filter>
    </ClCompile>
    <ClCompile Include="Release\moc_datamodel.cpp">
      <Filter>Generated Files\Release</Filter>
    </ClCompile>
    <ClCompile Include="Debug\moc_datamodel.cpp">
      <Filter>Generated Files\Debug</Filter>
    </ClCompile>
    <ClCompile Include="Release\moc_dbhelper.cpp">
      <Filter>Generated Files\Release</Filter>
    </ClCompile>
    <ClCompile Include="Debug\moc_dbhelper.cpp">
      <Filter>Generated Files\Debug</Filter>
    </ClCompile>
    <ClCompile Include="Release\moc_dbmanager.cpp">
      <Filter>Generated Files\Release</Filter>
    </ClCompile>
    <ClCompile Include="Debug\moc_dbmanager.cpp">
      <Filter>Generated Files\Debug</Filter>
    </ClCompile>
    <ClCompile Include="Release\moc_functiontestviewmanager.cpp">
      <Filter>Generated Files\Release</Filter>
    </ClCompile>
    <ClCompile Include="Debug\moc_functiontestviewmanager.cpp">
      <Filter>Generated Files\Debug</Filter>
    </ClCompile>
    <ClCompile Include="Release\moc_historydataqueryviewmanager.cpp">
      <Filter>Generated Files\Release</Filter>
    </ClCompile>
    <ClCompile Include="Debug\moc_historydataqueryviewmanager.cpp">
      <Filter>Generated Files\Debug</Filter>
    </ClCompile>
    <ClCompile Include="Release\moc_historygraphqueryviewmanager.cpp">
      <Filter>Generated Files\Release</Filter>
    </ClCompile>
    <ClCompile Include="Debug\moc_historygraphqueryviewmanager.cpp">
      <Filter>Generated Files\Debug</Filter>
    </ClCompile>
    <ClCompile Include="Release\moc_logicmanager.cpp">
      <Filter>Generated Files\Release</Filter>
    </ClCompile>
    <ClCompile Include="Debug\moc_logicmanager.cpp">
      <Filter>Generated Files\Debug</Filter>
    </ClCompile>
    <ClCompile Include="Release\moc_loginfoqueryviewmanager.cpp">
      <Filter>Generated Files\Release</Filter>
    </ClCompile>
    <ClCompile Include="Debug\moc_loginfoqueryviewmanager.cpp">
      <Filter>Generated Files\Debug</Filter>
    </ClCompile>
    <ClCompile Include="Release\moc_maintaindataviewmanager.cpp">
      <Filter>Generated Files\Release</Filter>
    </ClCompile>
    <ClCompile Include="Debug\moc_maintaindataviewmanager.cpp">
      <Filter>Generated Files\Debug</Filter>
    </ClCompile>
    <ClCompile Include="Release\moc_manufactureinfoviewmanager.cpp">
      <Filter>Generated Files\Release</Filter>
    </ClCompile>
    <ClCompile Include="Debug\moc_manufactureinfoviewmanager.cpp">
      <Filter>Generated Files\Debug</Filter>
    </ClCompile>
    <ClCompile Include="Release\moc_masterthread.cpp">
      <Filter>Generated Files\Release</Filter>
    </ClCompile>
    <ClCompile Include="Debug\moc_masterthread.cpp">
      <Filter>Generated Files\Debug</Filter>
    </ClCompile>
    <ClCompile Include="Release\moc_meansureviewmanager.cpp">
      <Filter>Generated Files\Release</Filter>
    </ClCompile>
    <ClCompile Include="Debug\moc_meansureviewmanager.cpp">
      <Filter>Generated Files\Debug</Filter>
    </ClCompile>
    <ClCompile Include="Release\moc_operation.cpp">
      <Filter>Generated Files\Release</Filter>
    </ClCompile>
    <ClCompile Include="Debug\moc_operation.cpp">
      <Filter>Generated Files\Debug</Filter>
    </ClCompile>
    <ClCompile Include="Release\moc_parametersettingviewmanager.cpp">
      <Filter>Generated Files\Release</Filter>
    </ClCompile>
    <ClCompile Include="Debug\moc_parametersettingviewmanager.cpp">
      <Filter>Generated Files\Debug</Filter>
    </ClCompile>
    <ClCompile Include="Release\moc_periodsettingviewmanager.cpp">
      <Filter>Generated Files\Release</Filter>
    </ClCompile>
    <ClCompile Include="Debug\moc_periodsettingviewmanager.cpp">
      <Filter>Generated Files\Debug</Filter>
    </ClCompile>
    <ClCompile Include="Release\moc_pollproxy.cpp">
      <Filter>Generated Files\Release</Filter>
    </ClCompile>
    <ClCompile Include="Debug\moc_pollproxy.cpp">
      <Filter>Generated Files\Debug</Filter>
    </ClCompile>
    <ClCompile Include="Release\moc_protocoldef.cpp">
      <Filter>Generated Files\Release</Filter>
    </ClCompile>
    <ClCompile Include="Debug\moc_protocoldef.cpp">
      <Filter>Generated Files\Debug</Filter>
    </ClCompile>
    <ClCompile Include="Release\moc_runninginfoviewmanager.cpp">
      <Filter>Generated Files\Release</Filter>
    </ClCompile>
    <ClCompile Include="Debug\moc_runninginfoviewmanager.cpp">
      <Filter>Generated Files\Debug</Filter>
    </ClCompile>
    <ClCompile Include="Release\moc_serialserver.cpp">
      <Filter>Generated Files\Release</Filter>
    </ClCompile>
    <ClCompile Include="Debug\moc_serialserver.cpp">
      <Filter>Generated Files\Debug</Filter>
    </ClCompile>
    <ClCompile Include="Release\moc_sqlquerymodel.cpp">
      <Filter>Generated Files\Release</Filter>
    </ClCompile>
    <ClCompile Include="Debug\moc_sqlquerymodel.cpp">
      <Filter>Generated Files\Debug</Filter>
    </ClCompile>
    <ClCompile Include="Release\moc_systemmaintaincontroller.cpp">
      <Filter>Generated Files\Release</Filter>
    </ClCompile>
    <ClCompile Include="Debug\moc_systemmaintaincontroller.cpp">
      <Filter>Generated Files\Debug</Filter>
    </ClCompile>
    <ClCompile Include="Release\moc_systemmaintainviewmanager.cpp">
      <Filter>Generated Files\Release</Filter>
    </ClCompile>
    <ClCompile Include="Debug\moc_systemmaintainviewmanager.cpp">
      <Filter>Generated Files\Debug</Filter>
    </ClCompile>
    <ClCompile Include="Release\moc_systemsettingviewmanager.cpp">
      <Filter>Generated Files\Release</Filter>
    </ClCompile>
    <ClCompile Include="Debug\moc_systemsettingviewmanager.cpp">
      <Filter>Generated Files\Debug</Filter>
    </ClCompile>
    <ClCompile Include="Release\moc_userstate.cpp">
      <Filter>Generated Files\Release</Filter>
    </ClCompile>
    <ClCompile Include="Debug\moc_userstate.cpp">
      <Filter>Generated Files\Debug</Filter>
    </ClCompile>
    <ClCompile Include="Release\moc_valuedisplayviewmanager.cpp">
      <Filter>Generated Files\Release</Filter>
    </ClCompile>
    <ClCompile Include="Debug\moc_valuedisplayviewmanager.cpp">
      <Filter>Generated Files\Debug</Filter>
    </ClCompile>
    <ClCompile Include="Release\moc_viewmanager.cpp">
      <Filter>Generated Files\Release</Filter>
    </ClCompile>
    <ClCompile Include="Debug\moc_viewmanager.cpp">
      <Filter>Generated Files\Debug</Filter>
    </ClCompile>
    <ClCompile Include="GeneratedFiles\qrc_qml.cpp">
      <Filter>Generated Files</Filter>
    </ClCompile>
  </ItemGroup>
  <ItemGroup>
    <ClInclude Include="framework\crc\JQChecksum.h">
      <Filter>Header Files</Filter>
    </ClInclude>
    <ClInclude Include="system\database\alertinfodbhelper.h">
      <Filter>Header Files</Filter>
    </ClInclude>
    <CustomBuild Include="system\viewManager\query\alertinfoqueryviewmanager.h">
      <Filter>Header Files</Filter>
    </CustomBuild>
    <CustomBuild Include="system\context\appcontext.h">
      <Filter>Header Files</Filter>
    </CustomBuild>
    <ClInclude Include="system\controller\appcontroller.h">
      <Filter>Header Files</Filter>
    </ClInclude>
    <ClInclude Include="system\database\appdbmanager.h">
      <Filter>Header Files</Filter>
    </ClInclude>
    <CustomBuild Include="system\viewManager\query\basequeryviewmanager.h">
      <Filter>Header Files</Filter>
    </CustomBuild>
    <ClInclude Include="system\dataModel\setting\bcljzjsettingdatamodelone.h">
      <Filter>Header Files</Filter>
    </ClInclude>
    <ClInclude Include="system\controller\setting\bcljzjsettingonecontroller.h">
      <Filter>Header Files</Filter>
    </ClInclude>
    <CustomBuild Include="system\viewManager\setting\bcljzjsettingviewmanagerone.h">
      <Filter>Header Files</Filter>
    </CustomBuild>
    <ClInclude Include="system\modelProtocolConvert\calibrationcoefconverter.h">
      <Filter>Header Files</Filter>
    </ClInclude>
    <ClInclude Include="system\dataModel\maintain\calibrationcoefdatamodel.h">
      <Filter>Header Files</Filter>
    </ClInclude>
    <ClInclude Include="system\communication\communicationserver.h">
      <Filter>Header Files</Filter>
    </ClInclude>
    <CustomBuild Include="framework\controller.h">
      <Filter>Header Files</Filter>
    </CustomBuild>
    <CustomBuild Include="system\viewManager\home\controlviewmanager.h">
      <Filter>Header Files</Filter>
    </CustomBuild>
    <ClInclude Include="system\controller\home\currentvaluecontroller.h">
      <Filter>Header Files</Filter>
    </ClInclude>
    <ClInclude Include="system\modelProtocolConvert\currentvalueconverter.h">
      <Filter>Header Files</Filter>
    </ClInclude>
    <ClInclude Include="system\dataModel\home\currentvaluedatamodel.h">
      <Filter>Header Files</Filter>
    </ClInclude>
    <CustomBuild Include="framework\datamodel.h">
      <Filter>Header Files</Filter>
    </CustomBuild>
    <CustomBuild Include="framework\database\dbhelper.h">
      <Filter>Header Files</Filter>
    </CustomBuild>
    <CustomBuild Include="framework\database\dbmanager.h">
      <Filter>Header Files</Filter>
    </CustomBuild>
    <ClInclude Include="system\controller\maintain\functiontestcontroller.h">
      <Filter>Header Files</Filter>
    </ClInclude>
    <CustomBuild Include="system\viewManager\maintain\functiontestviewmanager.h">
      <Filter>Header Files</Filter>
    </CustomBuild>
    <CustomBuild Include="system\viewManager\query\historydataqueryviewmanager.h">
      <Filter>Header Files</Filter>
    </CustomBuild>
    <CustomBuild Include="system\viewManager\query\historygraphqueryviewmanager.h">
      <Filter>Header Files</Filter>
    </CustomBuild>
    <ClInclude Include="system\controller\home\homecontroller.h">
      <Filter>Header Files</Filter>
    </ClInclude>
    <ClInclude Include="system\protocol\ktprotocoldef.h">
      <Filter>Header Files</Filter>
    </ClInclude>
    <CustomBuild Include="system\context\logicmanager.h">
      <Filter>Header Files</Filter>
    </CustomBuild>
    <ClInclude Include="system\database\loginfodbhelper.h">
      <Filter>Header Files</Filter>
    </ClInclude>
    <CustomBuild Include="system\viewManager\query\loginfoqueryviewmanager.h">
      <Filter>Header Files</Filter>
    </CustomBuild>
    <ClInclude Include="system\controller\maintain\maintaindatacontroller.h">
      <Filter>Header Files</Filter>
    </ClInclude>
    <CustomBuild Include="system\viewManager\maintain\maintaindataviewmanager.h">
      <Filter>Header Files</Filter>
    </CustomBuild>
    <ClInclude Include="system\controller\query\manufactureinfocontroller.h">
      <Filter>Header Files</Filter>
    </ClInclude>
    <ClInclude Include="system\dataModel\query\manufactureinfodatamodel.h">
      <Filter>Header Files</Filter>
    </ClInclude>
    <CustomBuild Include="system\viewManager\query\manufactureinfoviewmanager.h">
      <Filter>Header Files</Filter>
    </CustomBuild>
    <CustomBuild Include="framework\serialPort\masterthread.h">
      <Filter>Header Files</Filter>
    </CustomBuild>
    <ClInclude Include="system\dataModel\meansurecontroldatamodel.h">
      <Filter>Header Files</Filter>
    </ClInclude>
    <ClInclude Include="system\controller\meansure\meansurecontroller.h">
      <Filter>Header Files</Filter>
    </ClInclude>
    <ClInclude Include="system\database\meansuredbhelper.h">
      <Filter>Header Files</Filter>
    </ClInclude>
    <ClInclude Include="system\dataModel\meansurerecorddatamodel.h">
      <Filter>Header Files</Filter>
    </ClInclude>
    <CustomBuild Include="system\viewManager\meansure\meansureviewmanager.h">
      <Filter>Header Files</Filter>
    </CustomBuild>
    <CustomBuild Include="framework\operation.h">
      <Filter>Header Files</Filter>
    </CustomBuild>
    <ClInclude Include="system\controller\setting\parametersettingcontroller.h">
      <Filter>Header Files</Filter>
    </ClInclude>
    <ClInclude Include="system\dataModel\setting\parametersettingdatamodel.h">
      <Filter>Header Files</Filter>
    </ClInclude>
    <CustomBuild Include="system\viewManager\setting\parametersettingviewmanager.h">
      <Filter>Header Files</Filter>
    </CustomBuild>
    <ClInclude Include="system\controller\setting\periodsettingcontroller.h">
      <Filter>Header Files</Filter>
    </ClInclude>
    <ClInclude Include="system\dataModel\setting\periodsettingdatamodel.h">
      <Filter>Header Files</Filter>
    </ClInclude>
    <CustomBuild Include="system\viewManager\setting\periodsettingviewmanager.h">
      <Filter>Header Files</Filter>
    </CustomBuild>
    <CustomBuild Include="system\context\pollproxy.h">
      <Filter>Header Files</Filter>
    </CustomBuild>
    <CustomBuild Include="framework\protocoldef.h">
      <Filter>Header Files</Filter>
    </CustomBuild>
    <ClInclude Include="framework\observe\qobservable.h">
      <Filter>Header Files</Filter>
    </ClInclude>
    <ClInclude Include="framework\observe\qobserver.h">
      <Filter>Header Files</Filter>
    </ClInclude>
    <ClInclude Include="system\controller\home\runninginfocontroller.h">
      <Filter>Header Files</Filter>
    </ClInclude>
    <ClInclude Include="system\modelProtocolConvert\runninginfoconverter.h">
      <Filter>Header Files</Filter>
    </ClInclude>
    <ClInclude Include="system\dataModel\home\runninginfodatamodel.h">
      <Filter>Header Files</Filter>
    </ClInclude>
    <CustomBuild Include="system\viewManager\home\runninginfoviewmanager.h">
      <Filter>Header Files</Filter>
    </CustomBuild>
    <CustomBuild Include="framework\serialPort\serialserver.h">
      <Filter>Header Files</Filter>
    </CustomBuild>
    <CustomBuild Include="framework\database\sqlquerymodel.h">
      <Filter>Header Files</Filter>
    </CustomBuild>
    <ClInclude Include="system\protocol\stprotocol1.h">
      <Filter>Header Files</Filter>
    </ClInclude>
    <ClInclude Include="system\protocol\stprotocol2.h">
      <Filter>Header Files</Filter>
    </ClInclude>
    <CustomBuild Include="system\controller\maintain\systemmaintaincontroller.h">
      <Filter>Header Files</Filter>
    </CustomBuild>
    <CustomBuild Include="system\viewManager\maintain\systemmaintainviewmanager.h">
      <Filter>Header Files</Filter>
    </CustomBuild>
    <ClInclude Include="system\controller\setting\systemsettingcontroller.h">
      <Filter>Header Files</Filter>
    </ClInclude>
    <ClInclude Include="system\modelProtocolConvert\systemsettingconverter.h">
      <Filter>Header Files</Filter>
    </ClInclude>
    <ClInclude Include="system\dataModel\setting\systemsettingdatamodel.h">
      <Filter>Header Files</Filter>
    </ClInclude>
    <CustomBuild Include="system\viewManager\setting\systemsettingviewmanager.h">
      <Filter>Header Files</Filter>
    </CustomBuild>
    <CustomBuild Include="system\authority\userstate.h">
      <Filter>Header Files</Filter>
    </CustomBuild>
    <CustomBuild Include="system\viewManager\home\valuedisplayviewmanager.h">
      <Filter>Header Files</Filter>
    </CustomBuild>
    <CustomBuild Include="framework\viewManager\viewmanager.h">
      <Filter>Header Files</Filter>
    </CustomBuild>
  </ItemGroup>
  <ItemGroup>
    <None Include="qml\content\query\AlertInfoBlock.qml">
      <Filter>Resource Files</Filter>
    </None>
    <None Include="qml\content\setting\BCLJZJSettingBlock1.qml">
      <Filter>Resource Files</Filter>
    </None>
    <None Include="qml\bottom\BottomBar.qml">
      <Filter>Resource Files</Filter>
    </None>
    <None Include="qml\common\button\ContentButton.qml">
      <Filter>Resource Files</Filter>
    </None>
    <None Include="qml\common\dateTime\ContentCalendarStyle.qml">
      <Filter>Resource Files</Filter>
    </None>
    <None Include="qml\common\combo\ContentComboBox.qml">
      <Filter>Resource Files</Filter>
    </None>
    <None Include="qml\content\ContentFrame.qml">
      <Filter>Resource Files</Filter>
    </None>
    <None Include="qml\common\label\ContentLabel.qml">
      <Filter>Resource Files</Filter>
    </None>
    <None Include="qml\common\tab\ContentTabViewStyle.qml">
      <Filter>Resource Files</Filter>
    </None>
    <None Include="qml\common\tableView\ContentTableViewStyle.qml">
      <Filter>Resource Files</Filter>
    </None>
    <None Include="qml\common\textField\ContentTextField.qml">
      <Filter>Resource Files</Filter>
    </None>
    <None Include="qml\common\dateTime\DatePicker.qml">
      <Filter>Resource Files</Filter>
    </None>
    <None Include="qml\common\digitalPanel\DigitalButton.qml">
      <Filter>Resource Files</Filter>
    </None>
    <None Include="qml\common\digitalPanel\DigitalPanel.qml">
      <Filter>Resource Files</Filter>
    </None>
    <None Include="qml\content\display\Divider.qml">
      <Filter>Resource Files</Filter>
    </None>
    <None Include="qml\content\maintain\FunctionTestBlock.qml">
      <Filter>Resource Files</Filter>
    </None>
    <None Include="qml\content\query\HistoryDataBlock.qml">
      <Filter>Resource Files</Filter>
    </None>
    <None Include="qml\content\query\HistoryGraphBlock.qml">
      <Filter>Resource Files</Filter>
    </None>
    <None Include="qml\content\query\LogInfoBlock.qml">
      <Filter>Resource Files</Filter>
    </None>
    <None Include="qml\top\LoginBlock.qml">
      <Filter>Resource Files</Filter>
    </None>
    <None Include="qml\top\LoginDialog.qml">
      <Filter>Resource Files</Filter>
    </None>
    <None Include="qml\content\maintain\MaintainDataBlock.qml">
      <Filter>Resource Files</Filter>
    </None>
    <None Include="qml\content\maintain\MaintainScreen.qml">
      <Filter>Resource Files</Filter>
    </None>
    <None Include="qml\content\meansure\MeansureScreen.qml">
      <Filter>Resource Files</Filter>
    </None>
    <None Include="qml\content\setting\ParameterSettingBlock.qml">
      <Filter>Resource Files</Filter>
    </None>
    <None Include="qml\content\setting\PeriodSettingBlock.qml">
      <Filter>Resource Files</Filter>
    </None>
    <None Include="qml\content\query\QueryScreen.qml">
      <Filter>Resource Files</Filter>
    </None>
    <None Include="qml\content\display\RealTimeDisplayScreen.qml">
      <Filter>Resource Files</Filter>
    </None>
    <None Include="qml\content\setting\SettingScreen.qml">
      <Filter>Resource Files</Filter>
    </None>
    <None Include="qml\top\SysInfoDisplayBlock.qml">
      <Filter>Resource Files</Filter>
    </None>
    <None Include="qml\content\query\SystemInfoBlock.qml">
      <Filter>Resource Files</Filter>
    </None>
    <None Include="qml\content\maintain\SystemMaintainBlock.qml">
      <Filter>Resource Files</Filter>
    </None>
    <None Include="qml\content\setting\SystemSettingBlock.qml">
      <Filter>Resource Files</Filter>
    </None>
    <None Include="qml\common\dateTime\TimeEdit.qml">
      <Filter>Resource Files</Filter>
    </None>
    <None Include="qml\common\dateTime\TimeInput.qml">
      <Filter>Resource Files</Filter>
    </None>
    <None Include="qml\top\TopBar.qml">
      <Filter>Resource Files</Filter>
    </None>
    <None Include="qml\top\TopBarButton.qml">
      <Filter>Resource Files</Filter>
    </None>
    <None Include="pic\home.png">
      <Filter>Resource Files</Filter>
    </None>
    <None Include="pic\login.png">
      <Filter>Resource Files</Filter>
    </None>
    <None Include="qml\main.qml">
      <Filter>Resource Files</Filter>
    </None>
    <None Include="pic\maintain.png">
      <Filter>Resource Files</Filter>
    </None>
    <None Include="pic\meansure.png">
      <Filter>Resource Files</Filter>
    </None>
    <CustomBuild Include="qml.qrc">
      <Filter>Resource Files</Filter>
    </CustomBuild>
    <None Include="qtquickcontrols2.conf">
      <Filter>Resource Files</Filter>
    </None>
    <None Include="pic\query.png">
      <Filter>Resource Files</Filter>
    </None>
    <None Include="pic\settings.png">
      <Filter>Resource Files</Filter>
    </None>
  </ItemGroup>
</Project>